
Microsoft Visual Studio Solution File, Format Version 12.00
# Visual Studio Version 17
VisualStudioVersion = 17.5.002.0
MinimumVisualStudioVersion = 10.0.40219.1
Project("{9A19103F-16F7-4668-BE54-9A1E7A4F7556}") = "InterviewProject", "InterviewProject.csproj", "{04161728-C071-44F3-883D-AFC1CB902DCB}"
EndProject
Global
	GlobalSection(SolutionConfigurationPlatforms) = preSolution
		Debug|Any CPU = Debug|Any CPU
		Release|Any CPU = Release|Any CPU
	EndGlobalSection
	GlobalSection(ProjectConfigurationPlatforms) = postSolution
		{04161728-C071-44F3-883D-AFC1CB902DCB}.Debug|Any CPU.ActiveCfg = Debug|Any CPU
		{04161728-C071-44F3-883D-AFC1CB902DCB}.Debug|Any CPU.Build.0 = Debug|Any CPU
		{04161728-C071-44F3-883D-AFC1CB902DCB}.Release|Any CPU.ActiveCfg = Release|Any CPU
		{04161728-C071-44F3-883D-AFC1CB902DCB}.Release|Any CPU.Build.0 = Release|Any CPU
	EndGlobalSection
	GlobalSection(SolutionProperties) = preSolution
		HideSolutionNode = FALSE
	EndGlobalSection
	GlobalSection(ExtensibilityGlobals) = postSolution
		SolutionGuid = {6C22C59C-5A27-4736-AEB5-5DA60565FA5A}
	EndGlobalSection
EndGlobal
